
Microsoft Visual Studio Solution File, Format Version 12.00
# Visual Studio Version 17
VisualStudioVersion = 17.4.33122.133
MinimumVisualStudioVersion = 10.0.40219.1
Project("{FAE04EC0-301F-11D3-BF4B-00C04F79EFBC}") = "desafio1", "desafio1\desafio1.csproj", "{45444512-C715-4B91-8713-1833454C3E38}"
EndProject
Global
	GlobalSection(SolutionConfigurationPlatforms) = preSolution
		Debug|Any CPU = Debug|Any CPU
		Release|Any CPU = Release|Any CPU
	EndGlobalSection
	GlobalSection(ProjectConfigurationPlatforms) = postSolution
		{45444512-C715-4B91-8713-1833454C3E38}.Debug|Any CPU.ActiveCfg = Debug|Any CPU
		{45444512-C715-4B91-8713-1833454C3E38}.Debug|Any CPU.Build.0 = Debug|Any CPU
		{45444512-C715-4B91-8713-1833454C3E38}.Release|Any CPU.ActiveCfg = Release|Any CPU
		{45444512-C715-4B91-8713-1833454C3E38}.Release|Any CPU.Build.0 = Release|Any CPU
	EndGlobalSection
	GlobalSection(SolutionProperties) = preSolution
		HideSolutionNode = FALSE
	EndGlobalSection
	GlobalSection(ExtensibilityGlobals) = postSolution
		SolutionGuid = {435DFA57-BC92-4C29-8F6D-8827BABB92F3}
	EndGlobalSection
EndGlobal
